
Microsoft Visual Studio Solution File, Format Version 12.00
# Visual Studio 14
VisualStudioVersion = 14.0.25420.1
MinimumVisualStudioVersion = 10.0.40219.1
Project("{8BC9CEB8-8B4A-11D0-8D11-00A0C91BC942}") = "Lab 06", "Lab 6\Lab 6.vcxproj", "{8D82C5B4-8AE5-4F2D-B102-D9ED01E1BC32}"
EndProject
Project("{8BC9CEB8-8B4A-11D0-8D11-00A0C91BC942}") = "Lab 09", "Lab 09\Lab 09.vcxproj", "{39627910-7850-42A9-BA7C-7D5D86DCCD65}"
EndProject
Global
	GlobalSection(SolutionConfigurationPlatforms) = preSolution
		Debug|x64 = Debug|x64
		Debug|x86 = Debug|x86
		Release|x64 = Release|x64
		Release|x86 = Release|x86
	EndGlobalSection
	GlobalSection(ProjectConfigurationPlatforms) = postSolution
		{8D82C5B4-8AE5-4F2D-B102-D9ED01E1BC32}.Debug|x64.ActiveCfg = Debug|x64
		{8D82C5B4-8AE5-4F2D-B102-D9ED01E1BC32}.Debug|x64.Build.0 = Debug|x64
		{8D82C5B4-8AE5-4F2D-B102-D9ED01E1BC32}.Debug|x86.ActiveCfg = Debug|Win32
		{8D82C5B4-8AE5-4F2D-B102-D9ED01E1BC32}.Debug|x86.Build.0 = Debug|Win32
		{8D82C5B4-8AE5-4F2D-B102-D9ED01E1BC32}.Release|x64.ActiveCfg = Release|x64
		{8D82C5B4-8AE5-4F2D-B102-D9ED01E1BC32}.Release|x64.Build.0 = Release|x64
		{8D82C5B4-8AE5-4F2D-B102-D9ED01E1BC32}.Release|x86.ActiveCfg = Release|Win32
		{8D82C5B4-8AE5-4F2D-B102-D9ED01E1BC32}.Release|x86.Build.0 = Release|Win32
		{39627910-7850-42A9-BA7C-7D5D86DCCD65}.Debug|x64.ActiveCfg = Debug|x64
		{39627910-7850-42A9-BA7C-7D5D86DCCD65}.Debug|x64.Build.0 = Debug|x64
		{39627910-7850-42A9-BA7C-7D5D86DCCD65}.Debug|x86.ActiveCfg = Debug|Win32
		{39627910-7850-42A9-BA7C-7D5D86DCCD65}.Debug|x86.Build.0 = Debug|Win32
		{39627910-7850-42A9-BA7C-7D5D86DCCD65}.Release|x64.ActiveCfg = Release|x64
		{39627910-7850-42A9-BA7C-7D5D86DCCD65}.Release|x64.Build.0 = Release|x64
		{39627910-7850-42A9-BA7C-7D5D86DCCD65}.Release|x86.ActiveCfg = Release|Win32
		{39627910-7850-42A9-BA7C-7D5D86DCCD65}.Release|x86.Build.0 = Release|Win32
	EndGlobalSection
	GlobalSection(SolutionProperties) = preSolution
		HideSolutionNode = FALSE
	EndGlobalSection
EndGlobal
