
Microsoft Visual Studio Solution File, Format Version 12.00
# Visual Studio 14
VisualStudioVersion = 14.0.25420.1
MinimumVisualStudioVersion = 10.0.40219.1
Project("{8BC9CEB8-8B4A-11D0-8D11-00A0C91BC942}") = "Lab 09", "Lab 09\Lab 09.vcxproj", "{39627910-7850-42A9-BA7C-7D5D86DCCD65}"
EndProject
Project("{8BC9CEB8-8B4A-11D0-8D11-00A0C91BC942}") = "Lab 06", "Lab 06\Lab 06.vcxproj", "{86307953-F786-4510-B05D-4D45BF0E8183}"
EndProject
Project("{8BC9CEB8-8B4A-11D0-8D11-00A0C91BC942}") = "Lab 08", "Lab 08\Lab 08.vcxproj", "{C22B1D9C-DAFD-47F7-8BAE-B27A15ED8C7A}"
EndProject
Project("{8BC9CEB8-8B4A-11D0-8D11-00A0C91BC942}") = "Lab 07", "Lab 07\Lab 07.vcxproj", "{FDC88918-1D05-4ED7-B4C5-75DFEE27941F}"
EndProject
Project("{8BC9CEB8-8B4A-11D0-8D11-00A0C91BC942}") = "Lab 05", "Lab 05\Lab 05.vcxproj", "{7AADD82D-99DA-4B0B-A9B4-BC7A9B4B8B7E}"
EndProject
Project("{8BC9CEB8-8B4A-11D0-8D11-00A0C91BC942}") = "Lab 04", "Lab 04\Lab 04.vcxproj", "{39FEAAF2-23CE-424C-BCEA-E29D72C03285}"
EndProject
Project("{8BC9CEB8-8B4A-11D0-8D11-00A0C91BC942}") = "Lab 03", "Lab 03\Lab 03.vcxproj", "{EB3F362C-2A87-4EDC-ADAE-0B6FF8FA2250}"
EndProject
Project("{8BC9CEB8-8B4A-11D0-8D11-00A0C91BC942}") = "Lab 02", "Lab 02\Lab 02.vcxproj", "{3952DF17-69C4-4A30-AAE0-4365DB0A6C57}"
EndProject
Project("{8BC9CEB8-8B4A-11D0-8D11-00A0C91BC942}") = "Lab 01", "Lab 01\Lab 01.vcxproj", "{1389E7C6-F431-432E-AE67-395060AF1E65}"
EndProject
Global
	GlobalSection(SolutionConfigurationPlatforms) = preSolution
		Debug|x64 = Debug|x64
		Debug|x86 = Debug|x86
		Release|x64 = Release|x64
		Release|x86 = Release|x86
	EndGlobalSection
	GlobalSection(ProjectConfigurationPlatforms) = postSolution
		{39627910-7850-42A9-BA7C-7D5D86DCCD65}.Debug|x64.ActiveCfg = Debug|x64
		{39627910-7850-42A9-BA7C-7D5D86DCCD65}.Debug|x64.Build.0 = Debug|x64
		{39627910-7850-42A9-BA7C-7D5D86DCCD65}.Debug|x86.ActiveCfg = Debug|Win32
		{39627910-7850-42A9-BA7C-7D5D86DCCD65}.Debug|x86.Build.0 = Debug|Win32
		{39627910-7850-42A9-BA7C-7D5D86DCCD65}.Release|x64.ActiveCfg = Release|x64
		{39627910-7850-42A9-BA7C-7D5D86DCCD65}.Release|x64.Build.0 = Release|x64
		{39627910-7850-42A9-BA7C-7D5D86DCCD65}.Release|x86.ActiveCfg = Release|Win32
		{39627910-7850-42A9-BA7C-7D5D86DCCD65}.Release|x86.Build.0 = Release|Win32
		{86307953-F786-4510-B05D-4D45BF0E8183}.Debug|x64.ActiveCfg = Debug|x64
		{86307953-F786-4510-B05D-4D45BF0E8183}.Debug|x64.Build.0 = Debug|x64
		{86307953-F786-4510-B05D-4D45BF0E8183}.Debug|x86.ActiveCfg = Debug|Win32
		{86307953-F786-4510-B05D-4D45BF0E8183}.Debug|x86.Build.0 = Debug|Win32
		{86307953-F786-4510-B05D-4D45BF0E8183}.Release|x64.ActiveCfg = Release|x64
		{86307953-F786-4510-B05D-4D45BF0E8183}.Release|x64.Build.0 = Release|x64
		{86307953-F786-4510-B05D-4D45BF0E8183}.Release|x86.ActiveCfg = Release|Win32
		{86307953-F786-4510-B05D-4D45BF0E8183}.Release|x86.Build.0 = Release|Win32
		{C22B1D9C-DAFD-47F7-8BAE-B27A15ED8C7A}.Debug|x64.ActiveCfg = Debug|x64
		{C22B1D9C-DAFD-47F7-8BAE-B27A15ED8C7A}.Debug|x64.Build.0 = Debug|x64
		{C22B1D9C-DAFD-47F7-8BAE-B27A15ED8C7A}.Debug|x86.ActiveCfg = Debug|Win32
		{C22B1D9C-DAFD-47F7-8BAE-B27A15ED8C7A}.Debug|x86.Build.0 = Debug|Win32
		{C22B1D9C-DAFD-47F7-8BAE-B27A15ED8C7A}.Release|x64.ActiveCfg = Release|x64
		{C22B1D9C-DAFD-47F7-8BAE-B27A15ED8C7A}.Release|x64.Build.0 = Release|x64
		{C22B1D9C-DAFD-47F7-8BAE-B27A15ED8C7A}.Release|x86.ActiveCfg = Release|Win32
		{C22B1D9C-DAFD-47F7-8BAE-B27A15ED8C7A}.Release|x86.Build.0 = Release|Win32
		{FDC88918-1D05-4ED7-B4C5-75DFEE27941F}.Debug|x64.ActiveCfg = Debug|x64
		{FDC88918-1D05-4ED7-B4C5-75DFEE27941F}.Debug|x64.Build.0 = Debug|x64
		{FDC88918-1D05-4ED7-B4C5-75DFEE27941F}.Debug|x86.ActiveCfg = Debug|Win32
		{FDC88918-1D05-4ED7-B4C5-75DFEE27941F}.Debug|x86.Build.0 = Debug|Win32
		{FDC88918-1D05-4ED7-B4C5-75DFEE27941F}.Release|x64.ActiveCfg = Release|x64
		{FDC88918-1D05-4ED7-B4C5-75DFEE27941F}.Release|x64.Build.0 = Release|x64
		{FDC88918-1D05-4ED7-B4C5-75DFEE27941F}.Release|x86.ActiveCfg = Release|Win32
		{FDC88918-1D05-4ED7-B4C5-75DFEE27941F}.Release|x86.Build.0 = Release|Win32
		{7AADD82D-99DA-4B0B-A9B4-BC7A9B4B8B7E}.Debug|x64.ActiveCfg = Debug|x64
		{7AADD82D-99DA-4B0B-A9B4-BC7A9B4B8B7E}.Debug|x64.Build.0 = Debug|x64
		{7AADD82D-99DA-4B0B-A9B4-BC7A9B4B8B7E}.Debug|x86.ActiveCfg = Debug|Win32
		{7AADD82D-99DA-4B0B-A9B4-BC7A9B4B8B7E}.Debug|x86.Build.0 = Debug|Win32
		{7AADD82D-99DA-4B0B-A9B4-BC7A9B4B8B7E}.Release|x64.ActiveCfg = Release|x64
		{7AADD82D-99DA-4B0B-A9B4-BC7A9B4B8B7E}.Release|x64.Build.0 = Release|x64
		{7AADD82D-99DA-4B0B-A9B4-BC7A9B4B8B7E}.Release|x86.ActiveCfg = Release|Win32
		{7AADD82D-99DA-4B0B-A9B4-BC7A9B4B8B7E}.Release|x86.Build.0 = Release|Win32
		{39FEAAF2-23CE-424C-BCEA-E29D72C03285}.Debug|x64.ActiveCfg = Debug|x64
		{39FEAAF2-23CE-424C-BCEA-E29D72C03285}.Debug|x64.Build.0 = Debug|x64
		{39FEAAF2-23CE-424C-BCEA-E29D72C03285}.Debug|x86.ActiveCfg = Debug|Win32
		{39FEAAF2-23CE-424C-BCEA-E29D72C03285}.Debug|x86.Build.0 = Debug|Win32
		{39FEAAF2-23CE-424C-BCEA-E29D72C03285}.Release|x64.ActiveCfg = Release|x64
		{39FEAAF2-23CE-424C-BCEA-E29D72C03285}.Release|x64.Build.0 = Release|x64
		{39FEAAF2-23CE-424C-BCEA-E29D72C03285}.Release|x86.ActiveCfg = Release|Win32
		{39FEAAF2-23CE-424C-BCEA-E29D72C03285}.Release|x86.Build.0 = Release|Win32
		{EB3F362C-2A87-4EDC-ADAE-0B6FF8FA2250}.Debug|x64.ActiveCfg = Debug|x64
		{EB3F362C-2A87-4EDC-ADAE-0B6FF8FA2250}.Debug|x64.Build.0 = Debug|x64
		{EB3F362C-2A87-4EDC-ADAE-0B6FF8FA2250}.Debug|x86.ActiveCfg = Debug|Win32
		{EB3F362C-2A87-4EDC-ADAE-0B6FF8FA2250}.Debug|x86.Build.0 = Debug|Win32
		{EB3F362C-2A87-4EDC-ADAE-0B6FF8FA2250}.Release|x64.ActiveCfg = Release|x64
		{EB3F362C-2A87-4EDC-ADAE-0B6FF8FA2250}.Release|x64.Build.0 = Release|x64
		{EB3F362C-2A87-4EDC-ADAE-0B6FF8FA2250}.Release|x86.ActiveCfg = Release|Win32
		{EB3F362C-2A87-4EDC-ADAE-0B6FF8FA2250}.Release|x86.Build.0 = Release|Win32
		{3952DF17-69C4-4A30-AAE0-4365DB0A6C57}.Debug|x64.ActiveCfg = Debug|x64
		{3952DF17-69C4-4A30-AAE0-4365DB0A6C57}.Debug|x64.Build.0 = Debug|x64
		{3952DF17-69C4-4A30-AAE0-4365DB0A6C57}.Debug|x86.ActiveCfg = Debug|Win32
		{3952DF17-69C4-4A30-AAE0-4365DB0A6C57}.Debug|x86.Build.0 = Debug|Win32
		{3952DF17-69C4-4A30-AAE0-4365DB0A6C57}.Release|x64.ActiveCfg = Release|x64
		{3952DF17-69C4-4A30-AAE0-4365DB0A6C57}.Release|x64.Build.0 = Release|x64
		{3952DF17-69C4-4A30-AAE0-4365DB0A6C57}.Release|x86.ActiveCfg = Release|Win32
		{3952DF17-69C4-4A30-AAE0-4365DB0A6C57}.Release|x86.Build.0 = Release|Win32
		{1389E7C6-F431-432E-AE67-395060AF1E65}.Debug|x64.ActiveCfg = Debug|x64
		{1389E7C6-F431-432E-AE67-395060AF1E65}.Debug|x64.Build.0 = Debug|x64
		{1389E7C6-F431-432E-AE67-395060AF1E65}.Debug|x86.ActiveCfg = Debug|Win32
		{1389E7C6-F431-432E-AE67-395060AF1E65}.Debug|x86.Build.0 = Debug|Win32
		{1389E7C6-F431-432E-AE67-395060AF1E65}.Release|x64.ActiveCfg = Release|x64
		{1389E7C6-F431-432E-AE67-395060AF1E65}.Release|x64.Build.0 = Release|x64
		{1389E7C6-F431-432E-AE67-395060AF1E65}.Release|x86.ActiveCfg = Release|Win32
		{1389E7C6-F431-432E-AE67-395060AF1E65}.Release|x86.Build.0 = Release|Win32
	EndGlobalSection
	GlobalSection(SolutionProperties) = preSolution
		HideSolutionNode = FALSE
	EndGlobalSection
EndGlobal
